
Microsoft Visual Studio Solution File, Format Version 12.00
# Visual Studio Version 17
VisualStudioVersion = 17.8.34330.188
MinimumVisualStudioVersion = 10.0.40219.1
Project("{8BC9CEB8-8B4A-11D0-8D11-00A0C91BC942}") = "dll_file", "dll_file\dll_file.vcxproj", "{5345B127-AE5E-4D5F-8460-3754C56C8C30}"
EndProject
Project("{8BC9CEB8-8B4A-11D0-8D11-00A0C91BC942}") = "dll_class", "dll_class\dll_class.vcxproj", "{3D63C43A-15EC-45A4-9238-005E668A423B}"
EndProject
Project("{8BC9CEB8-8B4A-11D0-8D11-00A0C91BC942}") = "main", "main\main.vcxproj", "{893FAA50-179E-4A1E-8F3D-DB524F5350AD}"
EndProject
Global
	GlobalSection(SolutionConfigurationPlatforms) = preSolution
		Debug|x64 = Debug|x64
		Debug|x86 = Debug|x86
		Release|x64 = Release|x64
		Release|x86 = Release|x86
	EndGlobalSection
	GlobalSection(ProjectConfigurationPlatforms) = postSolution
		{5345B127-AE5E-4D5F-8460-3754C56C8C30}.Debug|x64.ActiveCfg = Debug|x64
		{5345B127-AE5E-4D5F-8460-3754C56C8C30}.Debug|x64.Build.0 = Debug|x64
		{5345B127-AE5E-4D5F-8460-3754C56C8C30}.Debug|x86.ActiveCfg = Debug|Win32
		{5345B127-AE5E-4D5F-8460-3754C56C8C30}.Debug|x86.Build.0 = Debug|Win32
		{5345B127-AE5E-4D5F-8460-3754C56C8C30}.Release|x64.ActiveCfg = Release|x64
		{5345B127-AE5E-4D5F-8460-3754C56C8C30}.Release|x64.Build.0 = Release|x64
		{5345B127-AE5E-4D5F-8460-3754C56C8C30}.Release|x86.ActiveCfg = Release|Win32
		{5345B127-AE5E-4D5F-8460-3754C56C8C30}.Release|x86.Build.0 = Release|Win32
		{3D63C43A-15EC-45A4-9238-005E668A423B}.Debug|x64.ActiveCfg = Debug|x64
		{3D63C43A-15EC-45A4-9238-005E668A423B}.Debug|x64.Build.0 = Debug|x64
		{3D63C43A-15EC-45A4-9238-005E668A423B}.Debug|x86.ActiveCfg = Debug|Win32
		{3D63C43A-15EC-45A4-9238-005E668A423B}.Debug|x86.Build.0 = Debug|Win32
		{3D63C43A-15EC-45A4-9238-005E668A423B}.Release|x64.ActiveCfg = Release|x64
		{3D63C43A-15EC-45A4-9238-005E668A423B}.Release|x64.Build.0 = Release|x64
		{3D63C43A-15EC-45A4-9238-005E668A423B}.Release|x86.ActiveCfg = Release|Win32
		{3D63C43A-15EC-45A4-9238-005E668A423B}.Release|x86.Build.0 = Release|Win32
		{893FAA50-179E-4A1E-8F3D-DB524F5350AD}.Debug|x64.ActiveCfg = Debug|x64
		{893FAA50-179E-4A1E-8F3D-DB524F5350AD}.Debug|x64.Build.0 = Debug|x64
		{893FAA50-179E-4A1E-8F3D-DB524F5350AD}.Debug|x86.ActiveCfg = Debug|Win32
		{893FAA50-179E-4A1E-8F3D-DB524F5350AD}.Debug|x86.Build.0 = Debug|Win32
		{893FAA50-179E-4A1E-8F3D-DB524F5350AD}.Release|x64.ActiveCfg = Release|x64
		{893FAA50-179E-4A1E-8F3D-DB524F5350AD}.Release|x64.Build.0 = Release|x64
		{893FAA50-179E-4A1E-8F3D-DB524F5350AD}.Release|x86.ActiveCfg = Release|Win32
		{893FAA50-179E-4A1E-8F3D-DB524F5350AD}.Release|x86.Build.0 = Release|Win32
	EndGlobalSection
	GlobalSection(SolutionProperties) = preSolution
		HideSolutionNode = FALSE
	EndGlobalSection
	GlobalSection(ExtensibilityGlobals) = postSolution
		SolutionGuid = {C0E88DCE-9820-41D8-8080-4291A5146778}
	EndGlobalSection
EndGlobal
